{
  "name": "sagabenchmark",
  "version": "1.0.0",
  "lockfileVersion": 2,
  "requires": true,
  "packages": {
    "": {
      "name": "sagabenchmark",
      "version": "1.0.0",
      "license": "ISC",
      "dependencies": {
        "faker-js": "^1.0.0",
        "properties-reader": "^2.2.0"
      },
      "devDependencies": {
        "@faker-js/faker": "^7.3.0"
      }
    },
    "node_modules/@faker-js/faker": {
      "version": "7.3.0",
      "resolved": "https://registry.npmjs.org/@faker-js/faker/-/faker-7.3.0.tgz",
      "integrity": "sha512-1W0PZezq2rxlAssoWemi9gFRD8IQxvf0FPL5Km3TOmGHFG7ib0TbFBJ0yC7D/1NsxunjNTK6WjUXV8ao/mKZ5w==",
      "dev": true,
      "engines": {
        "node": ">=14.0.0",
        "npm": ">=6.0.0"
      }
    },
    "node_modules/faker-js": {
      "version": "1.0.0",
      "resolved": "https://registry.npmjs.org/faker-js/-/faker-js-1.0.0.tgz",
      "integrity": "sha512-kaToadbN63LWhHjl69pqG+YHlxAK0aZAPhQDUpVP7v7+RG//ZpK0OzXjCwaAQq98awOii0WSHxtJmIz0X7/UqQ=="
    },
    "node_modules/mkdirp": {
      "version": "1.0.4",
      "resolved": "https://registry.npmjs.org/mkdirp/-/mkdirp-1.0.4.tgz",
      "integrity": "sha512-vVqVZQyf3WLx2Shd0qJ9xuvqgAyKPLAiqITEtqW0oIUjzo3PePDd6fW9iFz30ef7Ysp/oiWqbhszeGWW2T6Gzw==",
      "bin": {
        "mkdirp": "bin/cmd.js"
      },
      "engines": {
        "node": ">=10"
      }
    },
    "node_modules/properties-reader": {
      "version": "2.2.0",
      "resolved": "https://registry.npmjs.org/properties-reader/-/properties-reader-2.2.0.tgz",
      "integrity": "sha512-CgVcr8MwGoBKK24r9TwHfZkLLaNFHQ6y4wgT9w/XzdpacOOi5ciH4hcuLechSDAwXsfrGQtI2JTutY2djOx2Ow==",
      "dependencies": {
        "mkdirp": "^1.0.4"
      },
      "engines": {
        "node": ">=10"
      }
    }
  },
  "dependencies": {
    "@faker-js/faker": {
      "version": "7.3.0",
      "resolved": "https://registry.npmjs.org/@faker-js/faker/-/faker-7.3.0.tgz",
      "integrity": "sha512-1W0PZezq2rxlAssoWemi9gFRD8IQxvf0FPL5Km3TOmGHFG7ib0TbFBJ0yC7D/1NsxunjNTK6WjUXV8ao/mKZ5w==",
      "dev": true
    },
    "faker-js": {
      "version": "1.0.0",
      "resolved": "https://registry.npmjs.org/faker-js/-/faker-js-1.0.0.tgz",
      "integrity": "sha512-kaToadbN63LWhHjl69pqG+YHlxAK0aZAPhQDUpVP7v7+RG//ZpK0OzXjCwaAQq98awOii0WSHxtJmIz0X7/UqQ=="
    },
    "mkdirp": {
      "version": "1.0.4",
      "resolved": "https://registry.npmjs.org/mkdirp/-/mkdirp-1.0.4.tgz",
      "integrity": "sha512-vVqVZQyf3WLx2Shd0qJ9xuvqgAyKPLAiqITEtqW0oIUjzo3PePDd6fW9iFz30ef7Ysp/oiWqbhszeGWW2T6Gzw=="
    },
    "properties-reader": {
      "version": "2.2.0",
      "resolved": "https://registry.npmjs.org/properties-reader/-/properties-reader-2.2.0.tgz",
      "integrity": "sha512-CgVcr8MwGoBKK24r9TwHfZkLLaNFHQ6y4wgT9w/XzdpacOOi5ciH4hcuLechSDAwXsfrGQtI2JTutY2djOx2Ow==",
      "requires": {
        "mkdirp": "^1.0.4"
      }
    }
  }
}
